<?xml version="1.0" encoding="utf-8"?>
<Project ToolsVersion="4.0" xmlns="http://schemas.microsoft.com/developer/msbuild/2003">
  <ItemGroup>
    <Filter Include="Resource Files">
      <UniqueIdentifier>{67DA6AB6-F800-4c08-8B7A-83BB121AAD01}</UniqueIdentifier>
      <Extensions>rc;ico;cur;bmp;dlg;rc2;rct;bin;rgs;gif;jpg;jpeg;jpe;resx;tiff;tif;png;wav;mfcribbon-ms</Extensions>
    </Filter>
    <Filter Include="System">
      <UniqueIdentifier>{fd16eed7-110e-480f-acbb-f49996f57ecf}</UniqueIdentifier>
    </Filter>
    <Filter Include="System\Source Files">
      <UniqueIdentifier>{4FC737F1-C7A5-4376-A066-2A32D752A2FF}</UniqueIdentifier>
      <Extensions>cpp;c;cc;cxx;def;odl;idl;hpj;bat;asm;asmx</Extensions>
    </Filter>
    <Filter Include="System\Header Files">
      <UniqueIdentifier>{93995380-89BD-4b04-88EB-625FBE52EBFB}</UniqueIdentifier>
      <Extensions>h;hh;hpp;hxx;hm;inl;inc;ipp;xsd</Extensions>
    </Filter>
    <Filter Include="Graphics">
      <UniqueIdentifier>{6a60500f-2e1b-4006-8388-1d626ab0ae6e}</UniqueIdentifier>
    </Filter>
    <Filter Include="Graphics\Source Files">
      <UniqueIdentifier>{1b78f0dc-84bf-463a-8ce7-fc2edf826028}</UniqueIdentifier>
    </Filter>
    <Filter Include="Graphics\Header Files">
      <UniqueIdentifier>{d46c6d85-7fa7-4956-b32d-8fb7e9f20c03}</UniqueIdentifier>
    </Filter>
  </ItemGroup>
  <ItemGroup>
    <ClInclude Include="System\SysClass.h">
      <Filter>System\Header Files</Filter>
    </ClInclude>
    <ClInclude Include="System\InputSystem.h">
      <Filter>System\Header Files</Filter>
    </ClInclude>
    <ClInclude Include="System\WinApp.h">
      <Filter>System\Header Files</Filter>
    </ClInclude>
    <ClInclude Include="System\IException.h">
      <Filter>System\Header Files</Filter>
    </ClInclude>
    <ClInclude Include="System\InputBinding.h">
      <Filter>System\Header Files</Filter>
    </ClInclude>
    <ClInclude Include="Graphics\GraphicsSystem.h">
      <Filter>Graphics\Header Files</Filter>
    </ClInclude>
    <ClInclude Include="Graphics\D3DClass.h">
      <Filter>Graphics\Header Files</Filter>
    </ClInclude>
    <ClInclude Include="System\GameInput.h">
      <Filter>System\Header Files</Filter>
    </ClInclude>
    <ClInclude Include="System\GameTimer.h">
      <Filter>System\Header Files</Filter>
    </ClInclude>
    <ClInclude Include="Graphics\Camera.h">
      <Filter>Graphics\Header Files</Filter>
    </ClInclude>
  </ItemGroup>
  <ItemGroup>
    <ClCompile Include="System\SysClass.cpp">
      <Filter>System\Source Files</Filter>
    </ClCompile>
    <ClCompile Include="System\Main.cpp">
      <Filter>System\Source Files</Filter>
    </ClCompile>
    <ClCompile Include="System\InputSystem.cpp">
      <Filter>System\Source Files</Filter>
    </ClCompile>
    <ClCompile Include="System\IException.cpp">
      <Filter>System\Source Files</Filter>
    </ClCompile>
    <ClCompile Include="System\InputBinding.cpp">
      <Filter>System\Source Files</Filter>
    </ClCompile>
    <ClCompile Include="System\GameInput.cpp">
      <Filter>System\Source Files</Filter>
    </ClCompile>
    <ClCompile Include="Graphics\GraphicsSystem.cpp">
      <Filter>Graphics\Source Files</Filter>
    </ClCompile>
    <ClCompile Include="Graphics\D3DClass.cpp">
      <Filter>Graphics\Source Files</Filter>
    </ClCompile>
    <ClCompile Include="System\GameTimer.cpp">
      <Filter>System\Source Files</Filter>
    </ClCompile>
    <ClCompile Include="Graphics\Camera.cpp">
      <Filter>Graphics\Source Files</Filter>
    </ClCompile>
  </ItemGroup>
</Project>