<?xml version="1.0" encoding="utf-8"?>
<Project ToolsVersion="4.0" xmlns="http://schemas.microsoft.com/developer/msbuild/2003">
  <ItemGroup>
    <Filter Include="System">
      <UniqueIdentifier>{5d5318f2-eb46-4584-9668-adb08afc8d99}</UniqueIdentifier>
    </Filter>
    <Filter Include="Game">
      <UniqueIdentifier>{0e388283-cf0f-4fb4-b0fd-c3ed21a896cc}</UniqueIdentifier>
    </Filter>
    <Filter Include="Game\Graphics">
      <UniqueIdentifier>{9c5074de-7a5d-42d2-bf39-47a59447bb0c}</UniqueIdentifier>
    </Filter>
    <Filter Include="Game\Input">
      <UniqueIdentifier>{565c9aac-81c7-4c44-9246-8e3b591ac94a}</UniqueIdentifier>
    </Filter>
    <Filter Include="Game\Graphics\Shaders">
      <UniqueIdentifier>{354704f9-6f28-4d25-b671-ef4684de8528}</UniqueIdentifier>
    </Filter>
  </ItemGroup>
  <ItemGroup>
    <ClInclude Include="System\AppWindow.h">
      <Filter>System</Filter>
    </ClInclude>
    <ClInclude Include="System\WinApp.h">
      <Filter>System</Filter>
    </ClInclude>
    <ClInclude Include="Game\Graphics\Camera.h">
      <Filter>Game\Graphics</Filter>
    </ClInclude>
    <ClInclude Include="Game\Input\GameInput.h">
      <Filter>Game\Input</Filter>
    </ClInclude>
    <ClInclude Include="Game\Input\InputBinding.h">
      <Filter>Game\Input</Filter>
    </ClInclude>
    <ClInclude Include="Game\Input\InputSystem.h">
      <Filter>Game\Input</Filter>
    </ClInclude>
    <ClInclude Include="Game\Game.h">
      <Filter>Game</Filter>
    </ClInclude>
    <ClInclude Include="Game\StepTimer.h">
      <Filter>Game</Filter>
    </ClInclude>
    <ClInclude Include="Game\Graphics\DeviceResources.h">
      <Filter>Game\Graphics</Filter>
    </ClInclude>
    <ClInclude Include="Game\Transform.h">
      <Filter>Game</Filter>
    </ClInclude>
    <ClInclude Include="Game\Graphics\Material.h">
      <Filter>Game\Graphics</Filter>
    </ClInclude>
    <ClInclude Include="Game\Mesh.h">
      <Filter>Game</Filter>
    </ClInclude>
    <ClInclude Include="Game\Graphics\Vertex.h">
      <Filter>Game\Graphics</Filter>
    </ClInclude>
    <ClInclude Include="Game\Entity.h">
      <Filter>Game</Filter>
    </ClInclude>
    <ClInclude Include="Game\Graphics\CBufferStructs.h">
      <Filter>Game\Graphics</Filter>
    </ClInclude>
    <ClInclude Include="Game\Graphics\LightStructs.h">
      <Filter>Game\Graphics</Filter>
    </ClInclude>
    <ClInclude Include="Game\Graphics\LightingManager.h">
      <Filter>Game\Graphics</Filter>
    </ClInclude>
    <ClInclude Include="Game\Graphics\Renderer.h">
      <Filter>Game\Graphics</Filter>
    </ClInclude>
    <ClInclude Include="System\PathMacros.h">
      <Filter>System</Filter>
    </ClInclude>
    <ClInclude Include="Game\Graphics\DXCore.h">
      <Filter>Game\Graphics</Filter>
    </ClInclude>
    <ClInclude Include="Game\Graphics\COMException.h">
      <Filter>Game\Graphics</Filter>
    </ClInclude>
    <ClInclude Include="Game\Graphics\ThrowMacros.h">
      <Filter>Game\Graphics</Filter>
    </ClInclude>
    <ClInclude Include="Game\Graphics\ShaderFactory.h">
      <Filter>Game\Graphics</Filter>
    </ClInclude>
    <ClInclude Include="Game\Graphics\Shader.h">
      <Filter>Game\Graphics</Filter>
    </ClInclude>
    <ClInclude Include="Game\Graphics\IBindable.h">
      <Filter>Game\Graphics</Filter>
    </ClInclude>
    <ClInclude Include="Game\Graphics\ConstantBuffer.h">
      <Filter>Game\Graphics</Filter>
    </ClInclude>
    <ClInclude Include="Game\Graphics\MaterialFactory.h">
      <Filter>Game\Graphics</Filter>
    </ClInclude>
  </ItemGroup>
  <ItemGroup>
    <ClCompile Include="System\GameWindow.cpp">
      <Filter>System</Filter>
    </ClCompile>
    <ClCompile Include="System\Main.cpp">
      <Filter>System</Filter>
    </ClCompile>
    <ClCompile Include="Game\Graphics\Camera.cpp">
      <Filter>Game\Graphics</Filter>
    </ClCompile>
    <ClCompile Include="Game\Input\GameInput.cpp">
      <Filter>Game\Input</Filter>
    </ClCompile>
    <ClCompile Include="Game\Input\InputBinding.cpp">
      <Filter>Game\Input</Filter>
    </ClCompile>
    <ClCompile Include="Game\Input\InputSystem.cpp">
      <Filter>Game\Input</Filter>
    </ClCompile>
    <ClCompile Include="Game\Game.cpp">
      <Filter>Game</Filter>
    </ClCompile>
    <ClCompile Include="Game\Graphics\DeviceResources.cpp">
      <Filter>Game\Graphics</Filter>
    </ClCompile>
    <ClCompile Include="Game\Transform.cpp">
      <Filter>Game</Filter>
    </ClCompile>
    <ClCompile Include="Game\Graphics\Material.cpp">
      <Filter>Game\Graphics</Filter>
    </ClCompile>
    <ClCompile Include="Game\Mesh.cpp">
      <Filter>Game</Filter>
    </ClCompile>
    <ClCompile Include="Game\Entity.cpp">
      <Filter>Game</Filter>
    </ClCompile>
    <ClCompile Include="Game\Graphics\LightingManager.cpp">
      <Filter>Game\Graphics</Filter>
    </ClCompile>
    <ClCompile Include="Game\Graphics\Shader.cpp">
      <Filter>Game\Graphics</Filter>
    </ClCompile>
    <ClCompile Include="Game\Graphics\Renderer.cpp">
      <Filter>Game\Graphics</Filter>
    </ClCompile>
    <ClCompile Include="Game\Graphics\ShaderFactory.cpp">
      <Filter>Game\Graphics</Filter>
    </ClCompile>
    <ClCompile Include="Game\Graphics\MaterialFactory.cpp">
      <Filter>Game\Graphics</Filter>
    </ClCompile>
  </ItemGroup>
  <ItemGroup>
    <FxCompile Include="Game\Graphics\Shaders\PhongVS.hlsl">
      <Filter>Game\Graphics\Shaders</Filter>
    </FxCompile>
    <FxCompile Include="Game\Graphics\Shaders\PhongPS.hlsl">
      <Filter>Game\Graphics\Shaders</Filter>
    </FxCompile>
  </ItemGroup>
  <ItemGroup>
    <None Include="packages.config" />
  </ItemGroup>
</Project>